PODS:
  - Stuff (0.1.1):
    - Stuff/All (= 0.1.1)
  - Stuff/All (0.1.1):
    - Stuff/Enum
    - Stuff/Print
    - Stuff/TODO
  - Stuff/Enum (0.1.1)
  - Stuff/Print (0.1.1)
  - Stuff/TODO (0.1.1)

DEPENDENCIES:
  - Stuff (from `./`)

EXTERNAL SOURCES:
  Stuff:
    :path: "./"

SPEC CHECKSUMS:
  Stuff: 116cf69ab17d33c32034be8f5fe0800127c82af2

PODFILE CHECKSUM: bf19cca12781c8d2d79fc7cc174325633ebbe909

COCOAPODS: 1.2.0
