PODS:
  - Stuff (0.9.0):
    - Stuff/All (= 0.9.0)
  - Stuff/All (0.9.0):
    - Stuff/Codable
    - Stuff/Enum
    - Stuff/Print
    - Stuff/TODO
  - Stuff/Codable (0.9.0)
  - Stuff/Enum (0.9.0)
  - Stuff/Print (0.9.0)
  - Stuff/TODO (0.9.0)

DEPENDENCIES:
  - Stuff (from `./`)

EXTERNAL SOURCES:
  Stuff:
    :path: "./"

SPEC CHECKSUMS:
  Stuff: c61c749c1f6464ad1e9ef8fcc561792c265fb10e

PODFILE CHECKSUM: bf19cca12781c8d2d79fc7cc174325633ebbe909

COCOAPODS: 1.6.0.rc.2
